
Microsoft Visual Studio Solution File, Format Version 12.00
# Visual Studio Version 17
VisualStudioVersion = 17.14.36121.58 d17.14
MinimumVisualStudioVersion = 10.0.40219.1
Project("{FAE04EC0-301F-11D3-BF4B-00C04F79EFBC}") = "LibraryClasses", "LibraryClasses\LibraryClasses.csproj", "{2E69853A-192B-4773-A00A-2C44D12BB97F}"
EndProject
Project("{FAE04EC0-301F-11D3-BF4B-00C04F79EFBC}") = "LibraryUI", "LibraryUI\LibraryUI.csproj", "{4F42E21A-5FCA-4EBD-ACDE-AF8C2EE39EA8}"
EndProject
Global
	GlobalSection(SolutionConfigurationPlatforms) = preSolution
		Debug|Any CPU = Debug|Any CPU
		Release|Any CPU = Release|Any CPU
	EndGlobalSection
	GlobalSection(ProjectConfigurationPlatforms) = postSolution
		{2E69853A-192B-4773-A00A-2C44D12BB97F}.Debug|Any CPU.ActiveCfg = Debug|Any CPU
		{2E69853A-192B-4773-A00A-2C44D12BB97F}.Debug|Any CPU.Build.0 = Debug|Any CPU
		{2E69853A-192B-4773-A00A-2C44D12BB97F}.Release|Any CPU.ActiveCfg = Release|Any CPU
		{2E69853A-192B-4773-A00A-2C44D12BB97F}.Release|Any CPU.Build.0 = Release|Any CPU
		{4F42E21A-5FCA-4EBD-ACDE-AF8C2EE39EA8}.Debug|Any CPU.ActiveCfg = Debug|Any CPU
		{4F42E21A-5FCA-4EBD-ACDE-AF8C2EE39EA8}.Debug|Any CPU.Build.0 = Debug|Any CPU
		{4F42E21A-5FCA-4EBD-ACDE-AF8C2EE39EA8}.Release|Any CPU.ActiveCfg = Release|Any CPU
		{4F42E21A-5FCA-4EBD-ACDE-AF8C2EE39EA8}.Release|Any CPU.Build.0 = Release|Any CPU
	EndGlobalSection
	GlobalSection(SolutionProperties) = preSolution
		HideSolutionNode = FALSE
	EndGlobalSection
	GlobalSection(ExtensibilityGlobals) = postSolution
		SolutionGuid = {D57D5B73-95CB-4263-A3D1-8C5C955EF44A}
	EndGlobalSection
EndGlobal
